
Microsoft Visual Studio Solution File, Format Version 12.00
# Visual Studio Version 17
VisualStudioVersion = 17.4.33213.308
MinimumVisualStudioVersion = 10.0.40219.1
Project("{FAE04EC0-301F-11D3-BF4B-00C04F79EFBC}") = "CRISPR", "CRISPR.csproj", "{593B1C01-1D0E-4B23-BA3B-D6EB6B364575}"
EndProject
Global
	GlobalSection(SolutionConfigurationPlatforms) = preSolution
		Debug|Any CPU = Debug|Any CPU
		Release|Any CPU = Release|Any CPU
	EndGlobalSection
	GlobalSection(ProjectConfigurationPlatforms) = postSolution
		{593B1C01-1D0E-4B23-BA3B-D6EB6B364575}.Debug|Any CPU.ActiveCfg = Debug|Any CPU
		{593B1C01-1D0E-4B23-BA3B-D6EB6B364575}.Debug|Any CPU.Build.0 = Debug|Any CPU
		{593B1C01-1D0E-4B23-BA3B-D6EB6B364575}.Release|Any CPU.ActiveCfg = Release|Any CPU
		{593B1C01-1D0E-4B23-BA3B-D6EB6B364575}.Release|Any CPU.Build.0 = Release|Any CPU
	EndGlobalSection
	GlobalSection(SolutionProperties) = preSolution
		HideSolutionNode = FALSE
	EndGlobalSection
	GlobalSection(ExtensibilityGlobals) = postSolution
		SolutionGuid = {F45E06E9-305E-40FA-9954-F96D05E7BD82}
	EndGlobalSection
EndGlobal
